
Microsoft Visual Studio Solution File, Format Version 12.00
# Visual Studio Version 18
VisualStudioVersion = 18.3.11415.281 d18.3
MinimumVisualStudioVersion = 10.0.40219.1
Project("{FAE04EC0-301F-11D3-BF4B-00C04F79EFBC}") = "AppFood", "AppFood.csproj", "{A62F2F75-C36A-3293-D208-CB576B243C83}"
EndProject
Global
	GlobalSection(SolutionConfigurationPlatforms) = preSolution
		Debug|Any CPU = Debug|Any CPU
		Release|Any CPU = Release|Any CPU
	EndGlobalSection
	GlobalSection(ProjectConfigurationPlatforms) = postSolution
		{A62F2F75-C36A-3293-D208-CB576B243C83}.Debug|Any CPU.ActiveCfg = Debug|Any CPU
		{A62F2F75-C36A-3293-D208-CB576B243C83}.Debug|Any CPU.Build.0 = Debug|Any CPU
		{A62F2F75-C36A-3293-D208-CB576B243C83}.Debug|Any CPU.Deploy.0 = Debug|Any CPU
		{A62F2F75-C36A-3293-D208-CB576B243C83}.Release|Any CPU.ActiveCfg = Release|Any CPU
		{A62F2F75-C36A-3293-D208-CB576B243C83}.Release|Any CPU.Build.0 = Release|Any CPU
	EndGlobalSection
	GlobalSection(SolutionProperties) = preSolution
		HideSolutionNode = FALSE
	EndGlobalSection
	GlobalSection(ExtensibilityGlobals) = postSolution
		SolutionGuid = {36BC6D1A-2BF1-4229-9CFE-C33E36A1D89C}
	EndGlobalSection
EndGlobal
